# THIS IS AN AUTOGENERATED FILE. DO NOT EDIT THIS FILE DIRECTLY.
# yarn lockfile v1


"@brillout/assert@^0.1.0":
  version "0.1.0"
  resolved "https://registry.npmjs.org/@brillout/assert/-/assert-0.1.0.tgz#58913f1bf4567aa79b0fcdb3963f9af136fbf7e9"
  integrity sha512-o3cOSvgK59I4QFVDXYwwvU6/QcpWf1C7aM8402mSAPh97KpYSAk9SX06Me6jLjAsv2rEob8gzv1u0INCmTtneQ==
  dependencies:
    "@brillout/format-text" "^0.1.3"

"@brillout/format-text@^0.1.3":
  version "0.1.3"
  resolved "https://registry.npmjs.org/@brillout/format-text/-/format-text-0.1.3.tgz#882996ffe8c774f4a56fd20c5964037d641b935f"
  integrity sha512-79/JKUOr+POW3XAfRDDxoxCjGBeD5KVwkzBWhK7KPA66HCTwEqb7unqxfVGSJZ9MnL/NiMb0shhzRkydMC/YFg==
  dependencies:
    reassert "^1.1.14"
    string-width "^2.1.1"

ansi-regex@^3.0.0:
  version "3.0.0"
  resolved "https://registry.npmjs.org/ansi-regex/-/ansi-regex-3.0.0.tgz#ed0317c322064f79466c02966bddb605ab37d998"
  integrity sha1-7QMXwyIGT3lGbAKWa922Bas32Zg=

is-fullwidth-code-point@^2.0.0:
  version "2.0.0"
  resolved "https://registry.npmjs.org/is-fullwidth-code-point/-/is-fullwidth-code-point-2.0.0.tgz#a3b30a5c4f199183167aaab93beefae3ddfb654f"
  integrity sha1-o7MKXE8ZkYMWeqq5O+764937ZU8=

node-fetch@^2.6.0:
  version "2.6.0"
  resolved "https://registry.npmjs.org/node-fetch/-/node-fetch-2.6.0.tgz#e633456386d4aa55863f676a7ab0daa8fdecb0fd"
  integrity sha512-8dG4H5ujfvFiqDmVu9fQ5bOHUC15JMjMY/Zumv26oOvvVJjM67KF8koCWIabKQ1GJIa9r2mMZscBq/TbdOcmNA==

reassert@^1.1.14:
  version "1.1.21"
  resolved "https://registry.npmjs.org/reassert/-/reassert-1.1.21.tgz#0e61cde7d2dde876d301342153cd9b1c7459649f"
  integrity sha512-Ff2/AaIE5LDTrsEBUDKFb65klJki9xibTKi7loj9bGxBrQBb4BubgvJLEyKRlzrr4SFmg0QzfdcTojU9NHn0Zw==
  dependencies:
    "@brillout/format-text" "^0.1.3"

string-width@^2.1.1:
  version "2.1.1"
  resolved "https://registry.npmjs.org/string-width/-/string-width-2.1.1.tgz#ab93f27a8dc13d28cac815c462143a6d9012ae9e"
  integrity sha512-nOqH59deCq9SRHlxq1Aw85Jnt4w6KvLKqWVik6oA9ZklXLNIOlqg4F2yrT1MVaTjAqvVwdfeZ7w7aCvJD7ugkw==
  dependencies:
    is-fullwidth-code-point "^2.0.0"
    strip-ansi "^4.0.0"

strip-ansi@^4.0.0:
  version "4.0.0"
  resolved "https://registry.npmjs.org/strip-ansi/-/strip-ansi-4.0.0.tgz#a8479022eb1ac368a871389b635262c505ee368f"
  integrity sha1-qEeQIusaw2iocTibY1JixQXuNo8=
  dependencies:
    ansi-regex "^3.0.0"
